
Microsoft Visual Studio Solution File, Format Version 12.00
# Visual Studio Version 17
VisualStudioVersion = 17.10.35013.160
MinimumVisualStudioVersion = 10.0.40219.1
Project("{FAE04EC0-301F-11D3-BF4B-00C04F79EFBC}") = "RealTimeChatApp", "RealTimeChatApp\RealTimeChatApp.csproj", "{86BBC0FA-39D6-46F8-9468-BE2F21526609}"
EndProject
Global
	GlobalSection(SolutionConfigurationPlatforms) = preSolution
		Debug|Any CPU = Debug|Any CPU
		Release|Any CPU = Release|Any CPU
	EndGlobalSection
	GlobalSection(ProjectConfigurationPlatforms) = postSolution
		{86BBC0FA-39D6-46F8-9468-BE2F21526609}.Debug|Any CPU.ActiveCfg = Debug|Any CPU
		{86BBC0FA-39D6-46F8-9468-BE2F21526609}.Debug|Any CPU.Build.0 = Debug|Any CPU
		{86BBC0FA-39D6-46F8-9468-BE2F21526609}.Release|Any CPU.ActiveCfg = Release|Any CPU
		{86BBC0FA-39D6-46F8-9468-BE2F21526609}.Release|Any CPU.Build.0 = Release|Any CPU
	EndGlobalSection
	GlobalSection(SolutionProperties) = preSolution
		HideSolutionNode = FALSE
	EndGlobalSection
	GlobalSection(ExtensibilityGlobals) = postSolution
		SolutionGuid = {AFDA676E-78C2-41AE-BC22-0B28DCC80E03}
	EndGlobalSection
EndGlobal
